
Microsoft Visual Studio Solution File, Format Version 12.00
# Visual Studio Version 17
VisualStudioVersion = 17.13.35828.75 d17.13
MinimumVisualStudioVersion = 10.0.40219.1
Project("{8BC9CEB8-8B4A-11D0-8D11-00A0C91BC942}") = "Arithmetics", "Arithmetics.vcxproj", "{040E8923-CFA3-4978-9E30-C9AB2E7F6695}"
EndProject
Global
	GlobalSection(SolutionConfigurationPlatforms) = preSolution
		Debug|x64 = Debug|x64
		Debug|x86 = Debug|x86
		Release|x64 = Release|x64
		Release|x86 = Release|x86
	EndGlobalSection
	GlobalSection(ProjectConfigurationPlatforms) = postSolution
		{040E8923-CFA3-4978-9E30-C9AB2E7F6695}.Debug|x64.ActiveCfg = Debug|x64
		{040E8923-CFA3-4978-9E30-C9AB2E7F6695}.Debug|x64.Build.0 = Debug|x64
		{040E8923-CFA3-4978-9E30-C9AB2E7F6695}.Debug|x86.ActiveCfg = Debug|Win32
		{040E8923-CFA3-4978-9E30-C9AB2E7F6695}.Debug|x86.Build.0 = Debug|Win32
		{040E8923-CFA3-4978-9E30-C9AB2E7F6695}.Release|x64.ActiveCfg = Release|x64
		{040E8923-CFA3-4978-9E30-C9AB2E7F6695}.Release|x64.Build.0 = Release|x64
		{040E8923-CFA3-4978-9E30-C9AB2E7F6695}.Release|x86.ActiveCfg = Release|Win32
		{040E8923-CFA3-4978-9E30-C9AB2E7F6695}.Release|x86.Build.0 = Release|Win32
	EndGlobalSection
	GlobalSection(SolutionProperties) = preSolution
		HideSolutionNode = FALSE
	EndGlobalSection
	GlobalSection(ExtensibilityGlobals) = postSolution
		SolutionGuid = {3EBAD5C5-E288-4996-9276-C03EE6A4A8F6}
	EndGlobalSection
EndGlobal
